
Microsoft Visual Studio Solution File, Format Version 12.00
# Visual Studio Version 16
VisualStudioVersion = 16.0.31702.278
MinimumVisualStudioVersion = 10.0.40219.1
Project("{8BC9CEB8-8B4A-11D0-8D11-00A0C91BC942}") = "zajecia", "zajecia.vcxproj", "{02478E40-788E-42DF-9DC7-8B42B04CA023}"
EndProject
Global
	GlobalSection(SolutionConfigurationPlatforms) = preSolution
		Debug|x64 = Debug|x64
		Debug|x86 = Debug|x86
		Release|x64 = Release|x64
		Release|x86 = Release|x86
	EndGlobalSection
	GlobalSection(ProjectConfigurationPlatforms) = postSolution
		{02478E40-788E-42DF-9DC7-8B42B04CA023}.Debug|x64.ActiveCfg = Debug|x64
		{02478E40-788E-42DF-9DC7-8B42B04CA023}.Debug|x64.Build.0 = Debug|x64
		{02478E40-788E-42DF-9DC7-8B42B04CA023}.Debug|x86.ActiveCfg = Debug|Win32
		{02478E40-788E-42DF-9DC7-8B42B04CA023}.Debug|x86.Build.0 = Debug|Win32
		{02478E40-788E-42DF-9DC7-8B42B04CA023}.Release|x64.ActiveCfg = Release|x64
		{02478E40-788E-42DF-9DC7-8B42B04CA023}.Release|x64.Build.0 = Release|x64
		{02478E40-788E-42DF-9DC7-8B42B04CA023}.Release|x86.ActiveCfg = Release|Win32
		{02478E40-788E-42DF-9DC7-8B42B04CA023}.Release|x86.Build.0 = Release|Win32
	EndGlobalSection
	GlobalSection(SolutionProperties) = preSolution
		HideSolutionNode = FALSE
	EndGlobalSection
	GlobalSection(ExtensibilityGlobals) = postSolution
		SolutionGuid = {F9CF84D3-D931-4A23-A3AF-8FDB0042D609}
	EndGlobalSection
EndGlobal
